
Microsoft Visual Studio Solution File, Format Version 12.00
# Visual Studio Version 16
VisualStudioVersion = 16.0.30621.155
MinimumVisualStudioVersion = 10.0.40219.1
Project("{FAE04EC0-301F-11D3-BF4B-00C04F79EFBC}") = "dotnet-mvc", "dotnet-mvc\dotnet-mvc.csproj", "{71281B28-EE88-40A0-8322-4B477828E9DB}"
EndProject
Global
	GlobalSection(SolutionConfigurationPlatforms) = preSolution
		Debug|Any CPU = Debug|Any CPU
		Release|Any CPU = Release|Any CPU
	EndGlobalSection
	GlobalSection(ProjectConfigurationPlatforms) = postSolution
		{71281B28-EE88-40A0-8322-4B477828E9DB}.Debug|Any CPU.ActiveCfg = Debug|Any CPU
		{71281B28-EE88-40A0-8322-4B477828E9DB}.Debug|Any CPU.Build.0 = Debug|Any CPU
		{71281B28-EE88-40A0-8322-4B477828E9DB}.Release|Any CPU.ActiveCfg = Release|Any CPU
		{71281B28-EE88-40A0-8322-4B477828E9DB}.Release|Any CPU.Build.0 = Release|Any CPU
	EndGlobalSection
	GlobalSection(SolutionProperties) = preSolution
		HideSolutionNode = FALSE
	EndGlobalSection
	GlobalSection(ExtensibilityGlobals) = postSolution
		SolutionGuid = {1CB51E0F-DC7E-481F-A813-C7D336C7244D}
	EndGlobalSection
EndGlobal
